
Microsoft Visual Studio Solution File, Format Version 12.00
# Visual Studio Version 17
VisualStudioVersion = 17.13.35919.96
MinimumVisualStudioVersion = 10.0.40219.1
Project("{FAE04EC0-301F-11D3-BF4B-00C04F79EFBC}") = "LexiconExercise2", "LexiconExercise2\LexiconExercise2.csproj", "{31184F11-8FC2-4F36-B8F3-6E64FE232FEE}"
EndProject
Project("{FAE04EC0-301F-11D3-BF4B-00C04F79EFBC}") = "LexiconExercise2.Helpers", "LexiconExercise2.Helpers\LexiconExercise2.Helpers.csproj", "{3CD4433C-3C34-4F3E-A99A-93EAE43B0927}"
EndProject
Global
	GlobalSection(SolutionConfigurationPlatforms) = preSolution
		Debug|Any CPU = Debug|Any CPU
		Release|Any CPU = Release|Any CPU
	EndGlobalSection
	GlobalSection(ProjectConfigurationPlatforms) = postSolution
		{31184F11-8FC2-4F36-B8F3-6E64FE232FEE}.Debug|Any CPU.ActiveCfg = Debug|Any CPU
		{31184F11-8FC2-4F36-B8F3-6E64FE232FEE}.Debug|Any CPU.Build.0 = Debug|Any CPU
		{31184F11-8FC2-4F36-B8F3-6E64FE232FEE}.Release|Any CPU.ActiveCfg = Release|Any CPU
		{31184F11-8FC2-4F36-B8F3-6E64FE232FEE}.Release|Any CPU.Build.0 = Release|Any CPU
		{3CD4433C-3C34-4F3E-A99A-93EAE43B0927}.Debug|Any CPU.ActiveCfg = Debug|Any CPU
		{3CD4433C-3C34-4F3E-A99A-93EAE43B0927}.Debug|Any CPU.Build.0 = Debug|Any CPU
		{3CD4433C-3C34-4F3E-A99A-93EAE43B0927}.Release|Any CPU.ActiveCfg = Release|Any CPU
		{3CD4433C-3C34-4F3E-A99A-93EAE43B0927}.Release|Any CPU.Build.0 = Release|Any CPU
	EndGlobalSection
	GlobalSection(SolutionProperties) = preSolution
		HideSolutionNode = FALSE
	EndGlobalSection
	GlobalSection(ExtensibilityGlobals) = postSolution
		SolutionGuid = {72934555-2FC4-40B4-943A-5F2919ADFF23}
	EndGlobalSection
EndGlobal
